# THIS IS AN AUTOGENERATED FILE. DO NOT EDIT THIS FILE DIRECTLY.
# yarn lockfile v1


"@codecb/prettierrc@0.0.1":
  version "0.0.1"
  resolved "https://registry.npmjs.org/@codecb/prettierrc/-/prettierrc-0.0.1.tgz#11cf15436b9a2ce36b632a39b877df85c2fa4364"
  integrity sha512-yWsYW1SJEJ49i2E8R10R6a73jvFc5FfuwzNR6PQnCgKrs3fa3lf8fEhsSNaTefw+jTWPLOU4EjBJAgQ24c/mmA==

"@codecb/tsconfigs@0.0.10":
  version "0.0.10"
  resolved "https://registry.npmjs.org/@codecb/tsconfigs/-/tsconfigs-0.0.10.tgz#cc1f0330bca8b0c250236a706acd7f9deb9b838f"
  integrity sha512-YKOQsMFhyW0HF6K58QsKa0VVbMeI+O4rxDdr4tIZc9JzEFlF0LiIIJ95ny9X05ggxvzvYHSq0AF/e7TQHB5zxQ==

"@types/node@^18.11.9":
  version "18.11.9"
  resolved "https://registry.npmjs.org/@types/node/-/node-18.11.9.tgz#02d013de7058cea16d36168ef2fc653464cfbad4"
  integrity sha512-CRpX21/kGdzjOpFsZSkcrXMGIBWMGNIHXXBVFSH+ggkftxg+XYP20TESbh+zFvFj3EQOl5byk0HTRn1IL6hbqg==

prettier@^2.7.0:
  version "2.7.1"
  resolved "https://registry.npmjs.org/prettier/-/prettier-2.7.1.tgz#e235806850d057f97bb08368a4f7d899f7760c64"
  integrity sha512-ujppO+MkdPqoVINuDFDRLClm7D78qbDt0/NR+wp5FqEZOoTNAjPHWj17QRhu7geIHJfcNhRk1XVQmF8Bp3ye+g==

typescript@^4.8.0:
  version "4.8.4"
  resolved "https://registry.npmjs.org/typescript/-/typescript-4.8.4.tgz#c464abca159669597be5f96b8943500b238e60e6"
  integrity sha512-QCh+85mCy+h0IGff8r5XWzOVSbBO+KfeYrMQh7NJ58QujwcE22u+NUSmUxqF+un70P9GXKxa2HCNiTTMJknyjQ==
